{
  "name": "skylz",
  "version": "1.0.0",
  "lockfileVersion": 3,
  "requires": true,
  "packages": {
    "": {
      "name": "skylz",
      "version": "1.0.0",
      "license": "ISC",
      "dependencies": {
        "@hotwired/stimulus": "^3.2.2",
        "flowbite": "^1.5.3",
        "mini-svg-data-uri": "^1.4.4"
      }
    },
    "node_modules/@hotwired/stimulus": {
      "version": "3.2.2",
      "resolved": "https://registry.npmjs.org/@hotwired/stimulus/-/stimulus-3.2.2.tgz",
      "integrity": "sha512-eGeIqNOQpXoPAIP7tC1+1Yc1yl1xnwYqg+3mzqxyrbE5pg5YFBZcA6YoTiByJB6DKAEsiWtl6tjTJS4IYtbB7A=="
    },
    "node_modules/@popperjs/core": {
      "version": "2.11.5",
      "resolved": "https://registry.npmjs.org/@popperjs/core/-/core-2.11.5.tgz",
      "integrity": "sha512-9X2obfABZuDVLCgPK9aX0a/x4jaOEweTTWE2+9sr0Qqqevj2Uv5XorvusThmc9XGYpS9yI+fhh8RTafBtGposw==",
      "funding": {
        "type": "opencollective",
        "url": "https://opencollective.com/popperjs"
      }
    },
    "node_modules/flowbite": {
      "version": "1.5.3",
      "resolved": "https://registry.npmjs.org/flowbite/-/flowbite-1.5.3.tgz",
      "integrity": "sha512-e2OHfndxTHtGMqcPqvqwg3gGLg57hmIDVgE/BazMDccgirQ0JEtirKnbZZ4WSOIEhNDgO9pJZuyC8rRlcMm6pQ==",
      "dependencies": {
        "@popperjs/core": "^2.9.3",
        "mini-svg-data-uri": "^1.4.3"
      }
    },
    "node_modules/mini-svg-data-uri": {
      "version": "1.4.4",
      "resolved": "https://registry.npmjs.org/mini-svg-data-uri/-/mini-svg-data-uri-1.4.4.tgz",
      "integrity": "sha512-r9deDe9p5FJUPZAk3A59wGH7Ii9YrjjWw0jmw/liSbHl2CHiyXj6FcDXDu2K3TjVAXqiJdaw3xxwlZZr9E6nHg==",
      "bin": {
        "mini-svg-data-uri": "cli.js"
      }
    }
  }
}
